
Microsoft Visual Studio Solution File, Format Version 12.00
# Visual Studio Version 17
VisualStudioVersion = 17.1.32414.318
MinimumVisualStudioVersion = 10.0.40219.1
Project("{9A19103F-16F7-4668-BE54-9A1E7A4F7556}") = "NUnitFramework", "NUnitFramework.csproj", "{E70D31B9-F536-46C2-BD25-4D0A6461B965}"
EndProject
Global
	GlobalSection(SolutionConfigurationPlatforms) = preSolution
		Debug|Any CPU = Debug|Any CPU
		Release|Any CPU = Release|Any CPU
	EndGlobalSection
	GlobalSection(ProjectConfigurationPlatforms) = postSolution
		{E70D31B9-F536-46C2-BD25-4D0A6461B965}.Debug|Any CPU.ActiveCfg = Debug|Any CPU
		{E70D31B9-F536-46C2-BD25-4D0A6461B965}.Debug|Any CPU.Build.0 = Debug|Any CPU
		{E70D31B9-F536-46C2-BD25-4D0A6461B965}.Release|Any CPU.ActiveCfg = Release|Any CPU
		{E70D31B9-F536-46C2-BD25-4D0A6461B965}.Release|Any CPU.Build.0 = Release|Any CPU
	EndGlobalSection
	GlobalSection(SolutionProperties) = preSolution
		HideSolutionNode = FALSE
	EndGlobalSection
	GlobalSection(ExtensibilityGlobals) = postSolution
		SolutionGuid = {034401DA-C970-40E9-B9C7-12C6EF229C64}
	EndGlobalSection
EndGlobal
